// !$*UTF8*$!
{
	archiveVersion = 1;
	classes = {
	};
	objectVersion = 50;
	objects = {

/* Begin PBXBuildFile section */
		F16C98A426230D6B00921AF0 /* MainViewController.swift in Sources */ = {isa = PBXBuildFile; fileRef = F16C98A326230D6B00921AF0 /* MainViewController.swift */; };
		F19F5B14260EE2B400F8D935 /* AppDelegate.swift in Sources */ = {isa = PBXBuildFile; fileRef = F19F5B13260EE2B400F8D935 /* AppDelegate.swift */; };
		F19F5B16260EE2B400F8D935 /* SceneDelegate.swift in Sources */ = {isa = PBXBuildFile; fileRef = F19F5B15260EE2B400F8D935 /* SceneDelegate.swift */; };
		F19F5B18260EE2B400F8D935 /* SettingsViewController.swift in Sources */ = {isa = PBXBuildFile; fileRef = F19F5B17260EE2B400F8D935 /* SettingsViewController.swift */; };
		F19F5B1B260EE2B400F8D935 /* Main.storyboard in Resources */ = {isa = PBXBuildFile; fileRef = F19F5B19260EE2B400F8D935 /* Main.storyboard */; };
		F19F5B1D260EE2B500F8D935 /* Assets.xcassets in Resources */ = {isa = PBXBuildFile; fileRef = F19F5B1C260EE2B500F8D935 /* Assets.xcassets */; };
		F19F5B20260EE2B500F8D935 /* LaunchScreen.storyboard in Resources */ = {isa = PBXBuildFile; fileRef = F19F5B1E260EE2B500F8D935 /* LaunchScreen.storyboard */; };
/* End PBXBuildFile section */

/* Begin PBXFileReference section */
		F16C98A326230D6B00921AF0 /* MainViewController.swift */ = {isa = PBXFileReference; lastKnownFileType = sourcecode.swift; path = MainViewController.swift; sourceTree = "<group>"; };
		F19F5B10260EE2B400F8D935 /* customViewRGB.app */ = {isa = PBXFileReference; explicitFileType = wrapper.application; includeInIndex = 0; path = customViewRGB.app; sourceTree = BUILT_PRODUCTS_DIR; };
		F19F5B13260EE2B400F8D935 /* AppDelegate.swift */ = {isa = PBXFileReference; lastKnownFileType = sourcecode.swift; path = AppDelegate.swift; sourceTree = "<group>"; };
		F19F5B15260EE2B400F8D935 /* SceneDelegate.swift */ = {isa = PBXFileReference; lastKnownFileType = sourcecode.swift; path = SceneDelegate.swift; sourceTree = "<group>"; };
		F19F5B17260EE2B400F8D935 /* SettingsViewController.swift */ = {isa = PBXFileReference; lastKnownFileType = sourcecode.swift; path = SettingsViewController.swift; sourceTree = "<group>"; };
		F19F5B1A260EE2B400F8D935 /* Base */ = {isa = PBXFileReference; lastKnownFileType = file.storyboard; name = Base; path = Base.lproj/Main.storyboard; sourceTree = "<group>"; };
		F19F5B1C260EE2B500F8D935 /* Assets.xcassets */ = {isa = PBXFileReference; lastKnownFileType = folder.assetcatalog; path = Assets.xcassets; sourceTree = "<group>"; };
		F19F5B1F260EE2B500F8D935 /* Base */ = {isa = PBXFileReference; lastKnownFileType = file.storyboard; name = Base; path = Base.lproj/LaunchScreen.storyboard; sourceTree = "<group>"; };
		F19F5B21260EE2B500F8D935 /* Info.plist */ = {isa = PBXFileReference; lastKnownFileType = text.plist.xml; path = Info.plist; sourceTree = "<group>"; };
/* End PBXFileReference section */

/* Begin PBXFrameworksBuildPhase section */
		F19F5B0D260EE2B400F8D935 /* Frameworks */ = {
			isa = PBXFrameworksBuildPhase;
			buildActionMask = 2147483647;
			files = (
			);
			runOnlyForDeploymentPostprocessing = 0;
		};
/* End PBXFrameworksBuildPhase section */

/* Begin PBXGroup section */
		F16C98A626230D7200921AF0 /* ViewControllers */ = {
			isa = PBXGroup;
			children = (
				F19F5B17260EE2B400F8D935 /* SettingsViewController.swift */,
				F16C98A326230D6B00921AF0 /* MainViewController.swift */,
			);
			path = ViewControllers;
			sourceTree = "<group>";
		};
		F19F5B07260EE2B400F8D935 = {
			isa = PBXGroup;
			children = (
				F19F5B12260EE2B400F8D935 /* customViewRGB */,
				F19F5B11260EE2B400F8D935 /* Products */,
			);
			sourceTree = "<group>";
		};
		F19F5B11260EE2B400F8D935 /* Products */ = {
			isa = PBXGroup;
			children = (
				F19F5B10260EE2B400F8D935 /* customViewRGB.app */,
			);
			name = Products;
			sourceTree = "<group>";
		};
		F19F5B12260EE2B400F8D935 /* customViewRGB */ = {
			isa = PBXGroup;
			children = (
				F19F5B13260EE2B400F8D935 /* AppDelegate.swift */,
				F19F5B15260EE2B400F8D935 /* SceneDelegate.swift */,
				F16C98A626230D7200921AF0 /* ViewControllers */,
				F19F5B19260EE2B400F8D935 /* Main.storyboard */,
				F19F5B1C260EE2B500F8D935 /* Assets.xcassets */,
				F19F5B1E260EE2B500F8D935 /* LaunchScreen.storyboard */,
				F19F5B21260EE2B500F8D935 /* Info.plist */,
			);
			path = customViewRGB;
			sourceTree = "<group>";
		};
/* End PBXGroup section */

/* Begin PBXNativeTarget section */
		F19F5B0F260EE2B400F8D935 /* customViewRGB */ = {
			isa = PBXNativeTarget;
			buildConfigurationList = F19F5B24260EE2B500F8D935 /* Build configuration list for PBXNativeTarget "customViewRGB" */;
			buildPhases = (
				F19F5B0C260EE2B400F8D935 /* Sources */,
				F19F5B0D260EE2B400F8D935 /* Frameworks */,
				F19F5B0E260EE2B400F8D935 /* Resources */,
			);
			buildRules = (
			);
			dependencies = (
			);
			name = customViewRGB;
			productName = customViewRGB;
			productReference = F19F5B10260EE2B400F8D935 /* customViewRGB.app */;
			productType = "com.apple.product-type.application";
		};
/* End PBXNativeTarget section */

/* Begin PBXProject section */
		F19F5B08260EE2B400F8D935 /* Project object */ = {
			isa = PBXProject;
			attributes = {
				LastSwiftUpdateCheck = 1240;
				LastUpgradeCheck = 1240;
				TargetAttributes = {
					F19F5B0F260EE2B400F8D935 = {
						CreatedOnToolsVersion = 12.4;
					};
				};
			};
			buildConfigurationList = F19F5B0B260EE2B400F8D935 /* Build configuration list for PBXProject "customViewRGB" */;
			compatibilityVersion = "Xcode 9.3";
			developmentRegion = en;
			hasScannedForEncodings = 0;
			knownRegions = (
				en,
				Base,
			);
			mainGroup = F19F5B07260EE2B400F8D935;
			productRefGroup = F19F5B11260EE2B400F8D935 /* Products */;
			projectDirPath = "";
			projectRoot = "";
			targets = (
				F19F5B0F260EE2B400F8D935 /* customViewRGB */,
			);
		};
/* End PBXProject section */

/* Begin PBXResourcesBuildPhase section */
		F19F5B0E260EE2B400F8D935 /* Resources */ = {
			isa = PBXResourcesBuildPhase;
			buildActionMask = 2147483647;
			files = (
				F19F5B20260EE2B500F8D935 /* LaunchScreen.storyboard in Resources */,
				F19F5B1D260EE2B500F8D935 /* Assets.xcassets in Resources */,
				F19F5B1B260EE2B400F8D935 /* Main.storyboard in Resources */,
			);
			runOnlyForDeploymentPostprocessing = 0;
		};
/* End PBXResourcesBuildPhase section */

/* Begin PBXSourcesBuildPhase section */
		F19F5B0C260EE2B400F8D935 /* Sources */ = {
			isa = PBXSourcesBuildPhase;
			buildActionMask = 2147483647;
			files = (
				F19F5B18260EE2B400F8D935 /* SettingsViewController.swift in Sources */,
				F19F5B14260EE2B400F8D935 /* AppDelegate.swift in Sources */,
				F19F5B16260EE2B400F8D935 /* SceneDelegate.swift in Sources */,
				F16C98A426230D6B00921AF0 /* MainViewController.swift in Sources */,
			);
			runOnlyForDeploymentPostprocessing = 0;
		};
/* End PBXSourcesBuildPhase section */

/* Begin PBXVariantGroup section */
		F19F5B19260EE2B400F8D935 /* Main.storyboard */ = {
			isa = PBXVariantGroup;
			children = (
				F19F5B1A260EE2B400F8D935 /* Base */,
			);
			name = Main.storyboard;
			sourceTree = "<group>";
		};
		F19F5B1E260EE2B500F8D935 /* LaunchScreen.storyboard */ = {
			isa = PBXVariantGroup;
			children = (
				F19F5B1F260EE2B500F8D935 /* Base */,
			);
			name = LaunchScreen.storyboard;
			sourceTree = "<group>";
		};
/* End PBXVariantGroup section */

/* Begin XCBuildConfiguration section */
		F19F5B22260EE2B500F8D935 /* Debug */ = {
			isa = XCBuildConfiguration;
			buildSettings = {
				ALWAYS_SEARCH_USER_PATHS = NO;
				CLANG_ANALYZER_NONNULL = YES;
				CLANG_ANALYZER_NUMBER_OBJECT_CONVERSION = YES_AGGRESSIVE;
				CLANG_CXX_LANGUAGE_STANDARD = "gnu++14";
				CLANG_CXX_LIBRARY = "libc++";
				CLANG_ENABLE_MODULES = YES;
				CLANG_ENABLE_OBJC_ARC = YES;
				CLANG_ENABLE_OBJC_WEAK = YES;
				CLANG_WARN_BLOCK_CAPTURE_AUTORELEASING = YES;
				CLANG_WARN_BOOL_CONVERSION = YES;
				CLANG_WARN_COMMA = YES;
				CLANG_WARN_CONSTANT_CONVERSION = YES;
				CLANG_WARN_DEPRECATED_OBJC_IMPLEMENTATIONS = YES;
				CLANG_WARN_DIRECT_OBJC_ISA_USAGE = YES_ERROR;
				CLANG_WARN_DOCUMENTATION_COMMENTS = YES;
				CLANG_WARN_EMPTY_BODY = YES;
				CLANG_WARN_ENUM_CONVERSION = YES;
				CLANG_WARN_INFINITE_RECURSION = YES;
				CLANG_WARN_INT_CONVERSION = YES;
				CLANG_WARN_NON_LITERAL_NULL_CONVERSION = YES;
				CLANG_WARN_OBJC_IMPLICIT_RETAIN_SELF = YES;
				CLANG_WARN_OBJC_LITERAL_CONVERSION = YES;
				CLANG_WARN_OBJC_ROOT_CLASS = YES_ERROR;
				CLANG_WARN_QUOTED_INCLUDE_IN_FRAMEWORK_HEADER = YES;
				CLANG_WARN_RANGE_LOOP_ANALYSIS = YES;
				CLANG_WARN_STRICT_PROTOTYPES = YES;
				CLANG_WARN_SUSPICIOUS_MOVE = YES;
				CLANG_WARN_UNGUARDED_AVAILABILITY = YES_AGGRESSIVE;
				CLANG_WARN_UNREACHABLE_CODE = YES;
				CLANG_WARN__DUPLICATE_METHOD_MATCH = YES;
				COPY_PHASE_STRIP = NO;
				DEBUG_INFORMATION_FORMAT = dwarf;
				ENABLE_STRICT_OBJC_MSGSEND = YES;
				ENABLE_TESTABILITY = YES;
				GCC_C_LANGUAGE_STANDARD = gnu11;
				GCC_DYNAMIC_NO_PIC = NO;
				GCC_NO_COMMON_BLOCKS = YES;
				GCC_OPTIMIZATION_LEVEL = 0;
				GCC_PREPROCESSOR_DEFINITIONS = (
					"DEBUG=1",
					"$(inherited)",
				);
				GCC_WARN_64_TO_32_BIT_CONVERSION = YES;
				GCC_WARN_ABOUT_RETURN_TYPE = YES_ERROR;
				GCC_WARN_UNDECLARED_SELECTOR = YES;
				GCC_WARN_UNINITIALIZED_AUTOS = YES_AGGRESSIVE;
				GCC_WARN_UNUSED_FUNCTION = YES;
				GCC_WARN_UNUSED_VARIABLE = YES;
				IPHONEOS_DEPLOYMENT_TARGET = 14.4;
				MTL_ENABLE_DEBUG_INFO = INCLUDE_SOURCE;
				MTL_FAST_MATH = YES;
				ONLY_ACTIVE_ARCH = YES;
				SDKROOT = iphoneos;
				SWIFT_ACTIVE_COMPILATION_CONDITIONS = DEBUG;
				SWIFT_OPTIMIZATION_LEVEL = "-Onone";
			};
			name = Debug;
		};
		F19F5B23260EE2B500F8D935 /* Release */ = {
			isa = XCBuildConfiguration;
			buildSettings = {
				ALWAYS_SEARCH_USER_PATHS = NO;
				CLANG_ANALYZER_NONNULL = YES;
				CLANG_ANALYZER_NUMBER_OBJECT_CONVERSION = YES_AGGRESSIVE;
				CLANG_CXX_LANGUAGE_STANDARD = "gnu++14";
				CLANG_CXX_LIBRARY = "libc++";
				CLANG_ENABLE_MODULES = YES;
				CLANG_ENABLE_OBJC_ARC = YES;
				CLANG_ENABLE_OBJC_WEAK = YES;
				CLANG_WARN_BLOCK_CAPTURE_AUTORELEASING = YES;
				CLANG_WARN_BOOL_CONVERSION = YES;
				CLANG_WARN_COMMA = YES;
				CLANG_WARN_CONSTANT_CONVERSION = YES;
				CLANG_WARN_DEPRECATED_OBJC_IMPLEMENTATIONS = YES;
				CLANG_WARN_DIRECT_OBJC_ISA_USAGE = YES_ERROR;
				CLANG_WARN_DOCUMENTATION_COMMENTS = YES;
				CLANG_WARN_EMPTY_BODY = YES;
				CLANG_WARN_ENUM_CONVERSION = YES;
				CLANG_WARN_INFINITE_RECURSION = YES;
				CLANG_WARN_INT_CONVERSION = YES;
				CLANG_WARN_NON_LITERAL_NULL_CONVERSION = YES;
				CLANG_WARN_OBJC_IMPLICIT_RETAIN_SELF = YES;
				CLANG_WARN_OBJC_LITERAL_CONVERSION = YES;
				CLANG_WARN_OBJC_ROOT_CLASS = YES_ERROR;
				CLANG_WARN_QUOTED_INCLUDE_IN_FRAMEWORK_HEADER = YES;
				CLANG_WARN_RANGE_LOOP_ANALYSIS = YES;
				CLANG_WARN_STRICT_PROTOTYPES = YES;
				CLANG_WARN_SUSPICIOUS_MOVE = YES;
				CLANG_WARN_UNGUARDED_AVAILABILITY = YES_AGGRESSIVE;
				CLANG_WARN_UNREACHABLE_CODE = YES;
				CLANG_WARN__DUPLICATE_METHOD_MATCH = YES;
				COPY_PHASE_STRIP = NO;
				DEBUG_INFORMATION_FORMAT = "dwarf-with-dsym";
				ENABLE_NS_ASSERTIONS = NO;
				ENABLE_STRICT_OBJC_MSGSEND = YES;
				GCC_C_LANGUAGE_STANDARD = gnu11;
				GCC_NO_COMMON_BLOCKS = YES;
				GCC_WARN_64_TO_32_BIT_CONVERSION = YES;
				GCC_WARN_ABOUT_RETURN_TYPE = YES_ERROR;
				GCC_WARN_UNDECLARED_SELECTOR = YES;
				GCC_WARN_UNINITIALIZED_AUTOS = YES_AGGRESSIVE;
				GCC_WARN_UNUSED_FUNCTION = YES;
				GCC_WARN_UNUSED_VARIABLE = YES;
				IPHONEOS_DEPLOYMENT_TARGET = 14.4;
				MTL_ENABLE_DEBUG_INFO = NO;
				MTL_FAST_MATH = YES;
				SDKROOT = iphoneos;
				SWIFT_COMPILATION_MODE = wholemodule;
				SWIFT_OPTIMIZATION_LEVEL = "-O";
				VALIDATE_PRODUCT = YES;
			};
			name = Release;
		};
		F19F5B25260EE2B500F8D935 /* Debug */ = {
			isa = XCBuildConfiguration;
			buildSettings = {
				ASSETCATALOG_COMPILER_APPICON_NAME = AppIcon;
				ASSETCATALOG_COMPILER_GLOBAL_ACCENT_COLOR_NAME = AccentColor;
				CODE_SIGN_STYLE = Automatic;
				CURRENT_PROJECT_VERSION = 4;
				DEVELOPMENT_TEAM = HW5V2H79D4;
				INFOPLIST_FILE = customViewRGB/Info.plist;
				LD_RUNPATH_SEARCH_PATHS = (
					"$(inherited)",
					"@executable_path/Frameworks",
				);
				MARKETING_VERSION = 2.0.0;
				PRODUCT_BUNDLE_IDENTIFIER = Sergey.Kosichkin.customViewRGB;
				PRODUCT_NAME = "$(TARGET_NAME)";
				SWIFT_VERSION = 5.0;
				TARGETED_DEVICE_FAMILY = "1,2";
			};
			name = Debug;
		};
		F19F5B26260EE2B500F8D935 /* Release */ = {
			isa = XCBuildConfiguration;
			buildSettings = {
				ASSETCATALOG_COMPILER_APPICON_NAME = AppIcon;
				ASSETCATALOG_COMPILER_GLOBAL_ACCENT_COLOR_NAME = AccentColor;
				CODE_SIGN_STYLE = Automatic;
				CURRENT_PROJECT_VERSION = 4;
				DEVELOPMENT_TEAM = HW5V2H79D4;
				INFOPLIST_FILE = customViewRGB/Info.plist;
				LD_RUNPATH_SEARCH_PATHS = (
					"$(inherited)",
					"@executable_path/Frameworks",
				);
				MARKETING_VERSION = 2.0.0;
				PRODUCT_BUNDLE_IDENTIFIER = Sergey.Kosichkin.customViewRGB;
				PRODUCT_NAME = "$(TARGET_NAME)";
				SWIFT_VERSION = 5.0;
				TARGETED_DEVICE_FAMILY = "1,2";
			};
			name = Release;
		};
/* End XCBuildConfiguration section */

/* Begin XCConfigurationList section */
		F19F5B0B260EE2B400F8D935 /* Build configuration list for PBXProject "customViewRGB" */ = {
			isa = XCConfigurationList;
			buildConfigurations = (
				F19F5B22260EE2B500F8D935 /* Debug */,
				F19F5B23260EE2B500F8D935 /* Release */,
			);
			defaultConfigurationIsVisible = 0;
			defaultConfigurationName = Release;
		};
		F19F5B24260EE2B500F8D935 /* Build configuration list for PBXNativeTarget "customViewRGB" */ = {
			isa = XCConfigurationList;
			buildConfigurations = (
				F19F5B25260EE2B500F8D935 /* Debug */,
				F19F5B26260EE2B500F8D935 /* Release */,
			);
			defaultConfigurationIsVisible = 0;
			defaultConfigurationName = Release;
		};
/* End XCConfigurationList section */
	};
	rootObject = F19F5B08260EE2B400F8D935 /* Project object */;
}
